
Microsoft Visual Studio Solution File, Format Version 12.00
# Visual Studio Version 17
VisualStudioVersion = 17.4.33110.190
MinimumVisualStudioVersion = 10.0.40219.1
Project("{FAE04EC0-301F-11D3-BF4B-00C04F79EFBC}") = "DokkanIdentifierConvertor", "DokkanIdentifierConvertor.csproj", "{55D78FE9-86AB-46E3-BCA7-C37FBD75D028}"
EndProject
Global
	GlobalSection(SolutionConfigurationPlatforms) = preSolution
		Debug|Any CPU = Debug|Any CPU
		Release|Any CPU = Release|Any CPU
	EndGlobalSection
	GlobalSection(ProjectConfigurationPlatforms) = postSolution
		{55D78FE9-86AB-46E3-BCA7-C37FBD75D028}.Debug|Any CPU.ActiveCfg = Debug|Any CPU
		{55D78FE9-86AB-46E3-BCA7-C37FBD75D028}.Debug|Any CPU.Build.0 = Debug|Any CPU
		{55D78FE9-86AB-46E3-BCA7-C37FBD75D028}.Release|Any CPU.ActiveCfg = Release|Any CPU
		{55D78FE9-86AB-46E3-BCA7-C37FBD75D028}.Release|Any CPU.Build.0 = Release|Any CPU
	EndGlobalSection
	GlobalSection(SolutionProperties) = preSolution
		HideSolutionNode = FALSE
	EndGlobalSection
	GlobalSection(ExtensibilityGlobals) = postSolution
		SolutionGuid = {5CE6281B-E949-4589-9ECE-F5AF6121C2DC}
	EndGlobalSection
EndGlobal
